lockfileVersion: '9.0'

settings:
  autoInstallPeers: true
  excludeLinksFromLockfile: false

importers:

  .:
    dependencies:
      zod:
        specifier: ^3.25.51
        version: 3.25.51
    devDependencies:
      typescript:
        specifier: ^5.8.3
        version: 5.8.3

packages:

  typescript@5.8.3:
    resolution: {integrity: sha512-p1diW6TqL9L07nNxvRMM7hMMw4c5XOo/1ibL4aAIGmSAt9slTE1Xgw5KWuof2uTOvCg9BY7ZRi+GaF+7sfgPeQ==}
    engines: {node: '>=14.17'}
    hasBin: true

  zod@3.25.51:
    resolution: {integrity: sha512-TQSnBldh+XSGL+opiSIq0575wvDPqu09AqWe1F7JhUMKY+M91/aGlK4MhpVNO7MgYfHcVCB1ffwAUTJzllKJqg==}

snapshots:

  typescript@5.8.3: {}

  zod@3.25.51: {}
